<?xml version="1.0" encoding="utf-8"?>
<Project ToolsVersion="4.0" xmlns="http://schemas.microsoft.com/developer/msbuild/2003">
  <ItemGroup>
    <Filter Include="Source Files">
      <UniqueIdentifier>{1783fdd8-7ff7-4f13-aa8d-5d312c3dddc4}</UniqueIdentifier>
    </Filter>
    <Filter Include="Source Files\buckets">
      <UniqueIdentifier>{ca05928a-46f5-4ef0-be3f-9354e5c906c1}</UniqueIdentifier>
    </Filter>
    <Filter Include="Source Files\crypto">
      <UniqueIdentifier>{b5a9bbb0-59ff-4b36-a952-00d1f6982d2a}</UniqueIdentifier>
    </Filter>
    <Filter Include="Source Files\dbd">
      <UniqueIdentifier>{990a6816-c2d1-4e8c-9d8d-bf099d07ca1e}</UniqueIdentifier>
    </Filter>
    <Filter Include="Source Files\dbm">
      <UniqueIdentifier>{2d87dbbd-2400-4479-baff-913269055dbb}</UniqueIdentifier>
    </Filter>
    <Filter Include="Source Files\encoding">
      <UniqueIdentifier>{945ad3ba-48db-4c90-ac34-02a4f808642e}</UniqueIdentifier>
    </Filter>
    <Filter Include="Source Files\hooks">
      <UniqueIdentifier>{aeb5e584-7ae5-4411-9212-0318f0fb1655}</UniqueIdentifier>
    </Filter>
    <Filter Include="Source Files\ldap">
      <UniqueIdentifier>{12dd41f2-2b27-4074-9548-100cca37cd5f}</UniqueIdentifier>
    </Filter>
    <Filter Include="Source Files\memcache">
      <UniqueIdentifier>{77854abd-10c9-4f71-922f-d577efc8ac47}</UniqueIdentifier>
    </Filter>
    <Filter Include="Source Files\misc">
      <UniqueIdentifier>{c07dc79c-8b45-48d7-9e9b-7f00816ba0e7}</UniqueIdentifier>
    </Filter>
    <Filter Include="Source Files\sdbm">
      <UniqueIdentifier>{60750bdf-f38c-4f03-a3cc-98e48d6adf91}</UniqueIdentifier>
    </Filter>
    <Filter Include="Source Files\strmatch">
      <UniqueIdentifier>{b91ca775-605c-4d45-8ec3-f4f4d897bbc9}</UniqueIdentifier>
    </Filter>
    <Filter Include="Source Files\uri">
      <UniqueIdentifier>{1ab3257f-24ab-441b-94e2-523e5d44dc76}</UniqueIdentifier>
    </Filter>
    <Filter Include="Source Files\xlate">
      <UniqueIdentifier>{943c09cf-24d4-45c2-b7d1-850ae4427210}</UniqueIdentifier>
    </Filter>
    <Filter Include="Source Files\xml">
      <UniqueIdentifier>{e5dcae7b-5bed-4e07-8fe0-bc2fd65cdd43}</UniqueIdentifier>
    </Filter>
    <Filter Include="Generated Files">
      <UniqueIdentifier>{89a6313e-64ba-441b-8e2c-4978f41fe4c3}</UniqueIdentifier>
    </Filter>
    <Filter Include="Public Header Files">
      <UniqueIdentifier>{0f390da9-1f07-40ad-80d7-40d0bec4f949}</UniqueIdentifier>
    </Filter>
  </ItemGroup>
  <ItemGroup>
    <ClCompile Include="buckets\apr_brigade.c">
      <Filter>Source Files\buckets</Filter>
    </ClCompile>
    <ClCompile Include="buckets\apr_buckets.c">
      <Filter>Source Files\buckets</Filter>
    </ClCompile>
    <ClCompile Include="buckets\apr_buckets_alloc.c">
      <Filter>Source Files\buckets</Filter>
    </ClCompile>
    <ClCompile Include="buckets\apr_buckets_eos.c">
      <Filter>Source Files\buckets</Filter>
    </ClCompile>
    <ClCompile Include="buckets\apr_buckets_file.c">
      <Filter>Source Files\buckets</Filter>
    </ClCompile>
    <ClCompile Include="buckets\apr_buckets_flush.c">
      <Filter>Source Files\buckets</Filter>
    </ClCompile>
    <ClCompile Include="buckets\apr_buckets_heap.c">
      <Filter>Source Files\buckets</Filter>
    </ClCompile>
    <ClCompile Include="buckets\apr_buckets_mmap.c">
      <Filter>Source Files\buckets</Filter>
    </ClCompile>
    <ClCompile Include="buckets\apr_buckets_pipe.c">
      <Filter>Source Files\buckets</Filter>
    </ClCompile>
    <ClCompile Include="buckets\apr_buckets_pool.c">
      <Filter>Source Files\buckets</Filter>
    </ClCompile>
    <ClCompile Include="buckets\apr_buckets_refcount.c">
      <Filter>Source Files\buckets</Filter>
    </ClCompile>
    <ClCompile Include="buckets\apr_buckets_simple.c">
      <Filter>Source Files\buckets</Filter>
    </ClCompile>
    <ClCompile Include="buckets\apr_buckets_socket.c">
      <Filter>Source Files\buckets</Filter>
    </ClCompile>
    <ClCompile Include="crypto\apr_crypto.c">
      <Filter>Source Files\crypto</Filter>
    </ClCompile>
    <ClCompile Include="crypto\apr_md4.c">
      <Filter>Source Files\crypto</Filter>
    </ClCompile>
    <ClCompile Include="crypto\apr_md5.c">
      <Filter>Source Files\crypto</Filter>
    </ClCompile>
    <ClCompile Include="crypto\apr_passwd.c">
      <Filter>Source Files\crypto</Filter>
    </ClCompile>
    <ClCompile Include="crypto\apr_sha1.c">
      <Filter>Source Files\crypto</Filter>
    </ClCompile>
    <ClCompile Include="crypto\crypt_blowfish.c">
      <Filter>Source Files\crypto</Filter>
    </ClCompile>
    <ClCompile Include="crypto\getuuid.c">
      <Filter>Source Files\crypto</Filter>
    </ClCompile>
    <ClCompile Include="crypto\uuid.c">
      <Filter>Source Files\crypto</Filter>
    </ClCompile>
    <ClCompile Include="dbd\apr_dbd.c">
      <Filter>Source Files\dbd</Filter>
    </ClCompile>
    <ClCompile Include="dbd\apr_dbd_freetds.c">
      <Filter>Source Files\dbd</Filter>
    </ClCompile>
    <ClCompile Include="dbd\apr_dbd_mysql.c">
      <Filter>Source Files\dbd</Filter>
    </ClCompile>
    <ClCompile Include="dbd\apr_dbd_odbc.c">
      <Filter>Source Files\dbd</Filter>
    </ClCompile>
    <ClCompile Include="dbd\apr_dbd_oracle.c">
      <Filter>Source Files\dbd</Filter>
    </ClCompile>
    <ClCompile Include="dbd\apr_dbd_pgsql.c">
      <Filter>Source Files\dbd</Filter>
    </ClCompile>
    <ClCompile Include="dbd\apr_dbd_sqlite2.c">
      <Filter>Source Files\dbd</Filter>
    </ClCompile>
    <ClCompile Include="dbd\apr_dbd_sqlite3.c">
      <Filter>Source Files\dbd</Filter>
    </ClCompile>
    <ClCompile Include="dbm\apr_dbm.c">
      <Filter>Source Files\dbm</Filter>
    </ClCompile>
    <ClCompile Include="dbm\apr_dbm_berkeleydb.c">
      <Filter>Source Files\dbm</Filter>
    </ClCompile>
    <ClCompile Include="dbm\apr_dbm_gdbm.c">
      <Filter>Source Files\dbm</Filter>
    </ClCompile>
    <ClCompile Include="dbm\apr_dbm_sdbm.c">
      <Filter>Source Files\dbm</Filter>
    </ClCompile>
    <ClCompile Include="encoding\apr_base64.c">
      <Filter>Source Files\encoding</Filter>
    </ClCompile>
    <ClCompile Include="hooks\apr_hooks.c">
      <Filter>Source Files\hooks</Filter>
    </ClCompile>
    <ClCompile Include="ldap\apr_ldap_init.c">
      <Filter>Source Files\ldap</Filter>
    </ClCompile>
    <ClCompile Include="ldap\apr_ldap_option.c">
      <Filter>Source Files\ldap</Filter>
    </ClCompile>
    <ClCompile Include="ldap\apr_ldap_rebind.c">
      <Filter>Source Files\ldap</Filter>
    </ClCompile>
    <ClCompile Include="ldap\apr_ldap_stub.c">
      <Filter>Source Files\ldap</Filter>
    </ClCompile>
    <ClCompile Include="ldap\apr_ldap_url.c">
      <Filter>Source Files\ldap</Filter>
    </ClCompile>
    <ClCompile Include="memcache\apr_memcache.c">
      <Filter>Source Files\memcache</Filter>
    </ClCompile>
    <ClCompile Include="misc\apr_date.c">
      <Filter>Source Files\misc</Filter>
    </ClCompile>
    <ClCompile Include="misc\apu_dso.c">
      <Filter>Source Files\misc</Filter>
    </ClCompile>
    <ClCompile Include="misc\apr_queue.c">
      <Filter>Source Files\misc</Filter>
    </ClCompile>
    <ClCompile Include="misc\apr_reslist.c">
      <Filter>Source Files\misc</Filter>
    </ClCompile>
    <ClCompile Include="misc\apr_rmm.c">
      <Filter>Source Files\misc</Filter>
    </ClCompile>
    <ClCompile Include="misc\apr_thread_pool.c">
      <Filter>Source Files\misc</Filter>
    </ClCompile>
    <ClCompile Include="misc\apu_version.c">
      <Filter>Source Files\misc</Filter>
    </ClCompile>
    <ClCompile Include="dbm\sdbm\sdbm.c">
      <Filter>Source Files\sdbm</Filter>
    </ClCompile>
    <ClCompile Include="dbm\sdbm\sdbm_hash.c">
      <Filter>Source Files\sdbm</Filter>
    </ClCompile>
    <ClCompile Include="dbm\sdbm\sdbm_lock.c">
      <Filter>Source Files\sdbm</Filter>
    </ClCompile>
    <ClCompile Include="dbm\sdbm\sdbm_pair.c">
      <Filter>Source Files\sdbm</Filter>
    </ClCompile>
    <ClCompile Include="strmatch\apr_strmatch.c">
      <Filter>Source Files\strmatch</Filter>
    </ClCompile>
    <ClCompile Include="uri\apr_uri.c">
      <Filter>Source Files\uri</Filter>
    </ClCompile>
    <ClCompile Include="xlate\xlate.c">
      <Filter>Source Files\xlate</Filter>
    </ClCompile>
    <ClCompile Include="xml\apr_xml.c">
      <Filter>Source Files\xml</Filter>
    </ClCompile>
  </ItemGroup>
  <ItemGroup>
    <ClInclude Include="crypto\crypt_blowfish.h">
      <Filter>Source Files\crypto</Filter>
    </ClInclude>
    <ClInclude Include="dbm\sdbm\sdbm_pair.h">
      <Filter>Source Files\sdbm</Filter>
    </ClInclude>
    <ClInclude Include="dbm\sdbm\sdbm_private.h">
      <Filter>Source Files\sdbm</Filter>
    </ClInclude>
    <ClInclude Include="dbm\sdbm\sdbm_tune.h">
      <Filter>Source Files\sdbm</Filter>
    </ClInclude>
    <ClInclude Include="include\apr_anylock.h">
      <Filter>Public Header Files</Filter>
    </ClInclude>
    <ClInclude Include="include\apr_base64.h">
      <Filter>Public Header Files</Filter>
    </ClInclude>
    <ClInclude Include="include\apr_buckets.h">
      <Filter>Public Header Files</Filter>
    </ClInclude>
    <ClInclude Include="include\apr_date.h">
      <Filter>Public Header Files</Filter>
    </ClInclude>
    <ClInclude Include="include\apr_dbm.h">
      <Filter>Public Header Files</Filter>
    </ClInclude>
    <ClInclude Include="include\apr_hooks.h">
      <Filter>Public Header Files</Filter>
    </ClInclude>
    <ClInclude Include="include\apr_ldap_url.h">
      <Filter>Public Header Files</Filter>
    </ClInclude>
    <ClInclude Include="include\apr_md4.h">
      <Filter>Public Header Files</Filter>
    </ClInclude>
    <ClInclude Include="include\apr_md5.h">
      <Filter>Public Header Files</Filter>
    </ClInclude>
    <ClInclude Include="include\apr_memcache.h">
      <Filter>Public Header Files</Filter>
    </ClInclude>
    <ClInclude Include="include\apr_optional.h">
      <Filter>Public Header Files</Filter>
    </ClInclude>
    <ClInclude Include="include\apr_optional_hooks.h">
      <Filter>Public Header Files</Filter>
    </ClInclude>
    <ClInclude Include="include\apr_queue.h">
      <Filter>Public Header Files</Filter>
    </ClInclude>
    <ClInclude Include="include\apr_reslist.h">
      <Filter>Public Header Files</Filter>
    </ClInclude>
    <ClInclude Include="include\apr_rmm.h">
      <Filter>Public Header Files</Filter>
    </ClInclude>
    <ClInclude Include="include\apr_sdbm.h">
      <Filter>Public Header Files</Filter>
    </ClInclude>
    <ClInclude Include="include\apr_sha1.h">
      <Filter>Public Header Files</Filter>
    </ClInclude>
    <ClInclude Include="include\apr_strmatch.h">
      <Filter>Public Header Files</Filter>
    </ClInclude>
    <ClInclude Include="include\apr_thread_pool.h">
      <Filter>Public Header Files</Filter>
    </ClInclude>
    <ClInclude Include="include\apr_uri.h">
      <Filter>Public Header Files</Filter>
    </ClInclude>
    <ClInclude Include="include\apr_uuid.h">
      <Filter>Public Header Files</Filter>
    </ClInclude>
    <ClInclude Include="include\apr_xlate.h">
      <Filter>Public Header Files</Filter>
    </ClInclude>
    <ClInclude Include="include\apr_xml.h">
      <Filter>Public Header Files</Filter>
    </ClInclude>
    <ClInclude Include="include\apu_version.h">
      <Filter>Public Header Files</Filter>
    </ClInclude>
  </ItemGroup>
  <ItemGroup>
    <CustomBuild Include="include\apr_ldap.h.in">
      <Filter>Generated Files</Filter>
    </CustomBuild>
    <CustomBuild Include="include\apr_ldap.hnw">
      <Filter>Generated Files</Filter>
    </CustomBuild>
    <CustomBuild Include="include\apr_ldap.hw">
      <Filter>Generated Files</Filter>
    </CustomBuild>
    <CustomBuild Include="include\apu.h.in">
      <Filter>Generated Files</Filter>
    </CustomBuild>
    <CustomBuild Include="include\apu.hnw">
      <Filter>Generated Files</Filter>
    </CustomBuild>
    <CustomBuild Include="include\apu.hw">
      <Filter>Generated Files</Filter>
    </CustomBuild>
    <CustomBuild Include="include\private\apu_config.hw">
      <Filter>Generated Files</Filter>
    </CustomBuild>
    <CustomBuild Include="include\private\apu_select_dbm.h.in">
      <Filter>Generated Files</Filter>
    </CustomBuild>
    <CustomBuild Include="include\private\apu_select_dbm.hw">
      <Filter>Generated Files</Filter>
    </CustomBuild>
    <CustomBuild Include="include\apu_want.h.in">
      <Filter>Generated Files</Filter>
    </CustomBuild>
    <CustomBuild Include="include\apu_want.hnw">
      <Filter>Generated Files</Filter>
    </CustomBuild>
    <CustomBuild Include="include\apu_want.hw">
      <Filter>Generated Files</Filter>
    </CustomBuild>
  </ItemGroup>
</Project>